// !$*UTF8*$!
{
	archiveVersion = 1;
	classes = {
	};
	objectVersion = 48;
	objects = {

/* Begin PBXBuildFile section */
		0937CBB0200D99740031C4C7 /* MGFaceModelArray.m in Sources */ = {isa = PBXBuildFile; fileRef = 0937CBAF200D99740031C4C7 /* MGFaceModelArray.m */; };
		09609D88200C4A350051AE10 /* MGBaseKit.framework in Frameworks */ = {isa = PBXBuildFile; fileRef = 09609D86200C4A1E0051AE10 /* MGBaseKit.framework */; };
		09609D8A200C4A520051AE10 /* CoreMedia.framework in Frameworks */ = {isa = PBXBuildFile; fileRef = 09609D89200C4A520051AE10 /* CoreMedia.framework */; };
		09609D8C200C4A5A0051AE10 /* CoreMotion.framework in Frameworks */ = {isa = PBXBuildFile; fileRef = 09609D8B200C4A5A0051AE10 /* CoreMotion.framework */; };
		09609D8E200C4A600051AE10 /* AVFoundation.framework in Frameworks */ = {isa = PBXBuildFile; fileRef = 09609D8D200C4A600051AE10 /* AVFoundation.framework */; };
		09609D9A200C4ABA0051AE10 /* libMGFacepp-0.5.2.a in Frameworks */ = {isa = PBXBuildFile; fileRef = 09609D91200C4ABA0051AE10 /* libMGFacepp-0.5.2.a */; };
		09609D9B200C4ABA0051AE10 /* megviifacepp_0_5_2_model in Resources */ = {isa = PBXBuildFile; fileRef = 09609D99200C4ABA0051AE10 /* megviifacepp_0_5_2_model */; };
		09609DA0200C4AC30051AE10 /* MGFaceLicenseHandle.m in Sources */ = {isa = PBXBuildFile; fileRef = 09609D9F200C4AC30051AE10 /* MGFaceLicenseHandle.m */; };
		09609DB3200D94580051AE10 /* MGOpenGLView.m in Sources */ = {isa = PBXBuildFile; fileRef = 09609DA9200D94580051AE10 /* MGOpenGLView.m */; };
		09609DB4200D94580051AE10 /* MGOpenGLRenderer.m in Sources */ = {isa = PBXBuildFile; fileRef = 09609DAD200D94580051AE10 /* MGOpenGLRenderer.m */; };
		09609DB5200D94580051AE10 /* GLESUtils.m in Sources */ = {isa = PBXBuildFile; fileRef = 09609DB0200D94580051AE10 /* GLESUtils.m */; };
		098378F9200F305F001FF8DB /* FaceCapController.m in Sources */ = {isa = PBXBuildFile; fileRef = 098378F8200F305F001FF8DB /* FaceCapController.m */; };
		09837902200F394C001FF8DB /* VideoVert.glsl in Resources */ = {isa = PBXBuildFile; fileRef = 09837900200F394C001FF8DB /* VideoVert.glsl */; };
		09837903200F394C001FF8DB /* VideoFrag.glsl in Resources */ = {isa = PBXBuildFile; fileRef = 09837901200F394C001FF8DB /* VideoFrag.glsl */; };
		09837917200F3C84001FF8DB /* UIImage+Base.m in Sources */ = {isa = PBXBuildFile; fileRef = 09837907200F3C84001FF8DB /* UIImage+Base.m */; };
		09837918200F3C84001FF8DB /* NSDictionary+Base.m in Sources */ = {isa = PBXBuildFile; fileRef = 0983790A200F3C84001FF8DB /* NSDictionary+Base.m */; };
		09837919200F3C84001FF8DB /* UIButton+Base.m in Sources */ = {isa = PBXBuildFile; fileRef = 0983790D200F3C84001FF8DB /* UIButton+Base.m */; };
		0983791A200F3C84001FF8DB /* UIColor+category.m in Sources */ = {isa = PBXBuildFile; fileRef = 09837910200F3C84001FF8DB /* UIColor+category.m */; };
		0983791B200F3C84001FF8DB /* UIView+Base.m in Sources */ = {isa = PBXBuildFile; fileRef = 09837912200F3C84001FF8DB /* UIView+Base.m */; };
		09837921200F4BA0001FF8DB /* FacePointSize.glsl in Resources */ = {isa = PBXBuildFile; fileRef = 0983791D200F4B9F001FF8DB /* FacePointSize.glsl */; };
		09837922200F4BA0001FF8DB /* Face3DVertex.glsl in Resources */ = {isa = PBXBuildFile; fileRef = 0983791E200F4B9F001FF8DB /* Face3DVertex.glsl */; };
		09837923200F4BA0001FF8DB /* Face3DFragment.glsl in Resources */ = {isa = PBXBuildFile; fileRef = 0983791F200F4B9F001FF8DB /* Face3DFragment.glsl */; };
		09837924200F4BA0001FF8DB /* FacePointColor.glsl in Resources */ = {isa = PBXBuildFile; fileRef = 09837920200F4BA0001FF8DB /* FacePointColor.glsl */; };
		09ABCDA220102AD2000999D6 /* FaceModel.m in Sources */ = {isa = PBXBuildFile; fileRef = 09ABCDA120102AD2000999D6 /* FaceModel.m */; };
		09ABCDA620118515000999D6 /* SendData.swift in Sources */ = {isa = PBXBuildFile; fileRef = 09ABCDA520118515000999D6 /* SendData.swift */; };
		09B23557200EFDCB005959DD /* Util.m in Sources */ = {isa = PBXBuildFile; fileRef = 09B23556200EFDCB005959DD /* Util.m */; };
		5F3BD80E200912E100110755 /* FaceCapViewController.swift in Sources */ = {isa = PBXBuildFile; fileRef = 5F3BD80D200912E100110755 /* FaceCapViewController.swift */; };
		5F3BD810200913E000110755 /* ControlViewController.swift in Sources */ = {isa = PBXBuildFile; fileRef = 5F3BD80F200913E000110755 /* ControlViewController.swift */; };
		5F3BD81920099EF500110755 /* test.mm in Sources */ = {isa = PBXBuildFile; fileRef = 5F3BD81820099EF500110755 /* test.mm */; };
		5F3BD83E2009DACB00110755 /* CSTableViewCell.swift in Sources */ = {isa = PBXBuildFile; fileRef = 5F3BD83D2009DACB00110755 /* CSTableViewCell.swift */; };
		5F3BD8402009DBF600110755 /* ServosData.swift in Sources */ = {isa = PBXBuildFile; fileRef = 5F3BD83F2009DBF600110755 /* ServosData.swift */; };
		5F3BD842200A05A900110755 /* Assets.xcassets in Resources */ = {isa = PBXBuildFile; fileRef = 5F3BD841200A05A800110755 /* Assets.xcassets */; };
		5F3BD844200B8B5100110755 /* ActionListViewController.swift in Sources */ = {isa = PBXBuildFile; fileRef = 5F3BD843200B8B5100110755 /* ActionListViewController.swift */; };
		5F4CF3562007834500ED2066 /* AppDelegate.swift in Sources */ = {isa = PBXBuildFile; fileRef = 5F4CF3552007834500ED2066 /* AppDelegate.swift */; };
		5F4CF3582007834500ED2066 /* BTViewController.swift in Sources */ = {isa = PBXBuildFile; fileRef = 5F4CF3572007834500ED2066 /* BTViewController.swift */; };
		5F4CF35B2007834500ED2066 /* Main.storyboard in Resources */ = {isa = PBXBuildFile; fileRef = 5F4CF3592007834500ED2066 /* Main.storyboard */; };
		5F4CF3602007834500ED2066 /* LaunchScreen.storyboard in Resources */ = {isa = PBXBuildFile; fileRef = 5F4CF35E2007834500ED2066 /* LaunchScreen.storyboard */; };
/* End PBXBuildFile section */

/* Begin PBXContainerItemProxy section */
		09609D85200C4A1E0051AE10 /* PBXContainerItemProxy */ = {
			isa = PBXContainerItemProxy;
			containerPortal = 09609D81200C4A1E0051AE10 /* MGBaseKit.xcodeproj */;
			proxyType = 2;
			remoteGlobalIDString = 14ABDFB91C1FE92C00695135;
			remoteInfo = MGBaseKit;
		};
/* End PBXContainerItemProxy section */

/* Begin PBXFileReference section */
		0937CBAC200D99120031C4C7 /* MGHeader.h */ = {isa = PBXFileReference; fileEncoding = 4; lastKnownFileType = sourcecode.c.h; path = MGHeader.h; sourceTree = "<group>"; };
		0937CBAE200D99740031C4C7 /* MGFaceModelArray.h */ = {isa = PBXFileReference; fileEncoding = 4; lastKnownFileType = sourcecode.c.h; path = MGFaceModelArray.h; sourceTree = "<group>"; };
		0937CBAF200D99740031C4C7 /* MGFaceModelArray.m */ = {isa = PBXFileReference; fileEncoding = 4; lastKnownFileType = sourcecode.c.objc; path = MGFaceModelArray.m; sourceTree = "<group>"; };
		09609D81200C4A1E0051AE10 /* MGBaseKit.xcodeproj */ = {isa = PBXFileReference; lastKnownFileType = "wrapper.pb-project"; name = MGBaseKit.xcodeproj; path = MGBaseKit/MGBaseKit.xcodeproj; sourceTree = "<group>"; };
		09609D89200C4A520051AE10 /* CoreMedia.framework */ = {isa = PBXFileReference; lastKnownFileType = wrapper.framework; name = CoreMedia.framework; path = System/Library/Frameworks/CoreMedia.framework; sourceTree = SDKROOT; };
		09609D8B200C4A5A0051AE10 /* CoreMotion.framework */ = {isa = PBXFileReference; lastKnownFileType = wrapper.framework; name = CoreMotion.framework; path = System/Library/Frameworks/CoreMotion.framework; sourceTree = SDKROOT; };
		09609D8D200C4A600051AE10 /* AVFoundation.framework */ = {isa = PBXFileReference; lastKnownFileType = wrapper.framework; name = AVFoundation.framework; path = System/Library/Frameworks/AVFoundation.framework; sourceTree = SDKROOT; };
		09609D91200C4ABA0051AE10 /* libMGFacepp-0.5.2.a */ = {isa = PBXFileReference; lastKnownFileType = archive.ar; path = "libMGFacepp-0.5.2.a"; sourceTree = "<group>"; };
		09609D92200C4ABA0051AE10 /* MGFaceppConfig.h */ = {isa = PBXFileReference; fileEncoding = 4; lastKnownFileType = sourcecode.c.h; path = MGFaceppConfig.h; sourceTree = "<group>"; };
		09609D93200C4ABA0051AE10 /* MGAlgorithmInfo.h */ = {isa = PBXFileReference; fileEncoding = 4; lastKnownFileType = sourcecode.c.h; path = MGAlgorithmInfo.h; sourceTree = "<group>"; };
		09609D94200C4ABA0051AE10 /* MGFacepp.h */ = {isa = PBXFileReference; fileEncoding = 4; lastKnownFileType = sourcecode.c.h; path = MGFacepp.h; sourceTree = "<group>"; };
		09609D95200C4ABA0051AE10 /* MGDetectRectInfo.h */ = {isa = PBXFileReference; fileEncoding = 4; lastKnownFileType = sourcecode.c.h; path = MGDetectRectInfo.h; sourceTree = "<group>"; };
		09609D96200C4ABA0051AE10 /* MGFaceppCommon.h */ = {isa = PBXFileReference; fileEncoding = 4; lastKnownFileType = sourcecode.c.h; path = MGFaceppCommon.h; sourceTree = "<group>"; };
		09609D97200C4ABA0051AE10 /* MGImageData.h */ = {isa = PBXFileReference; fileEncoding = 4; lastKnownFileType = sourcecode.c.h; path = MGImageData.h; sourceTree = "<group>"; };
		09609D98200C4ABA0051AE10 /* MGFaceInfo.h */ = {isa = PBXFileReference; fileEncoding = 4; lastKnownFileType = sourcecode.c.h; path = MGFaceInfo.h; sourceTree = "<group>"; };
		09609D99200C4ABA0051AE10 /* megviifacepp_0_5_2_model */ = {isa = PBXFileReference; lastKnownFileType = text; path = megviifacepp_0_5_2_model; sourceTree = "<group>"; };
		09609D9D200C4AC30051AE10 /* MGNetAccount.h */ = {isa = PBXFileReference; fileEncoding = 4; lastKnownFileType = sourcecode.c.h; path = MGNetAccount.h; sourceTree = "<group>"; };
		09609D9E200C4AC30051AE10 /* MGFaceLicenseHandle.h */ = {isa = PBXFileReference; fileEncoding = 4; lastKnownFileType = sourcecode.c.h; path = MGFaceLicenseHandle.h; sourceTree = "<group>"; };
		09609D9F200C4AC30051AE10 /* MGFaceLicenseHandle.m */ = {isa = PBXFileReference; fileEncoding = 4; lastKnownFileType = sourcecode.c.objc; path = MGFaceLicenseHandle.m; sourceTree = "<group>"; };
		09609DA9200D94580051AE10 /* MGOpenGLView.m */ = {isa = PBXFileReference; fileEncoding = 4; lastKnownFileType = sourcecode.c.objc; path = MGOpenGLView.m; sourceTree = "<group>"; };
		09609DAB200D94580051AE10 /* MGOpenGLConfig.h */ = {isa = PBXFileReference; fileEncoding = 4; lastKnownFileType = sourcecode.c.h; path = MGOpenGLConfig.h; sourceTree = "<group>"; };
		09609DAC200D94580051AE10 /* MGOpenGLRenderer.h */ = {isa = PBXFileReference; fileEncoding = 4; lastKnownFileType = sourcecode.c.h; path = MGOpenGLRenderer.h; sourceTree = "<group>"; };
		09609DAD200D94580051AE10 /* MGOpenGLRenderer.m */ = {isa = PBXFileReference; fileEncoding = 4; lastKnownFileType = sourcecode.c.objc; path = MGOpenGLRenderer.m; sourceTree = "<group>"; };
		09609DAE200D94580051AE10 /* MGOpenGLView.h */ = {isa = PBXFileReference; fileEncoding = 4; lastKnownFileType = sourcecode.c.h; path = MGOpenGLView.h; sourceTree = "<group>"; };
		09609DB0200D94580051AE10 /* GLESUtils.m */ = {isa = PBXFileReference; fileEncoding = 4; lastKnownFileType = sourcecode.c.objc; path = GLESUtils.m; sourceTree = "<group>"; };
		09609DB1200D94580051AE10 /* GLESUtils.h */ = {isa = PBXFileReference; fileEncoding = 4; lastKnownFileType = sourcecode.c.h; path = GLESUtils.h; sourceTree = "<group>"; };
		098378F7200F305F001FF8DB /* FaceCapController.h */ = {isa = PBXFileReference; lastKnownFileType = sourcecode.c.h; path = FaceCapController.h; sourceTree = "<group>"; };
		098378F8200F305F001FF8DB /* FaceCapController.m */ = {isa = PBXFileReference; lastKnownFileType = sourcecode.c.objc; path = FaceCapController.m; sourceTree = "<group>"; };
		09837900200F394C001FF8DB /* VideoVert.glsl */ = {isa = PBXFileReference; fileEncoding = 4; lastKnownFileType = text; path = VideoVert.glsl; sourceTree = "<group>"; };
		09837901200F394C001FF8DB /* VideoFrag.glsl */ = {isa = PBXFileReference; fileEncoding = 4; lastKnownFileType = text; path = VideoFrag.glsl; sourceTree = "<group>"; };
		09837906200F3C84001FF8DB /* UIImage+Base.h */ = {isa = PBXFileReference; fileEncoding = 4; lastKnownFileType = sourcecode.c.h; path = "UIImage+Base.h"; sourceTree = "<group>"; };
		09837907200F3C84001FF8DB /* UIImage+Base.m */ = {isa = PBXFileReference; fileEncoding = 4; lastKnownFileType = sourcecode.c.objc; path = "UIImage+Base.m"; sourceTree = "<group>"; };
		09837909200F3C84001FF8DB /* NSDictionary+Base.h */ = {isa = PBXFileReference; fileEncoding = 4; lastKnownFileType = sourcecode.c.h; path = "NSDictionary+Base.h"; sourceTree = "<group>"; };
		0983790A200F3C84001FF8DB /* NSDictionary+Base.m */ = {isa = PBXFileReference; fileEncoding = 4; lastKnownFileType = sourcecode.c.objc; path = "NSDictionary+Base.m"; sourceTree = "<group>"; };
		0983790C200F3C84001FF8DB /* UIButton+Base.h */ = {isa = PBXFileReference; fileEncoding = 4; lastKnownFileType = sourcecode.c.h; path = "UIButton+Base.h"; sourceTree = "<group>"; };
		0983790D200F3C84001FF8DB /* UIButton+Base.m */ = {isa = PBXFileReference; fileEncoding = 4; lastKnownFileType = sourcecode.c.objc; path = "UIButton+Base.m"; sourceTree = "<group>"; };
		0983790F200F3C84001FF8DB /* UIColor+category.h */ = {isa = PBXFileReference; fileEncoding = 4; lastKnownFileType = sourcecode.c.h; path = "UIColor+category.h"; sourceTree = "<group>"; };
		09837910200F3C84001FF8DB /* UIColor+category.m */ = {isa = PBXFileReference; fileEncoding = 4; lastKnownFileType = sourcecode.c.objc; path = "UIColor+category.m"; sourceTree = "<group>"; };
		09837912200F3C84001FF8DB /* UIView+Base.m */ = {isa = PBXFileReference; fileEncoding = 4; lastKnownFileType = sourcecode.c.objc; path = "UIView+Base.m"; sourceTree = "<group>"; };
		09837913200F3C84001FF8DB /* UIView+Base.h */ = {isa = PBXFileReference; fileEncoding = 4; lastKnownFileType = sourcecode.c.h; path = "UIView+Base.h"; sourceTree = "<group>"; };
		0983791D200F4B9F001FF8DB /* FacePointSize.glsl */ = {isa = PBXFileReference; fileEncoding = 4; lastKnownFileType = text; path = FacePointSize.glsl; sourceTree = "<group>"; };
		0983791E200F4B9F001FF8DB /* Face3DVertex.glsl */ = {isa = PBXFileReference; fileEncoding = 4; lastKnownFileType = text; path = Face3DVertex.glsl; sourceTree = "<group>"; };
		0983791F200F4B9F001FF8DB /* Face3DFragment.glsl */ = {isa = PBXFileReference; fileEncoding = 4; lastKnownFileType = text; path = Face3DFragment.glsl; sourceTree = "<group>"; };
		09837920200F4BA0001FF8DB /* FacePointColor.glsl */ = {isa = PBXFileReference; fileEncoding = 4; lastKnownFileType = text; path = FacePointColor.glsl; sourceTree = "<group>"; };
		09ABCDA020102AD2000999D6 /* FaceModel.h */ = {isa = PBXFileReference; lastKnownFileType = sourcecode.c.h; path = FaceModel.h; sourceTree = "<group>"; };
		09ABCDA120102AD2000999D6 /* FaceModel.m */ = {isa = PBXFileReference; lastKnownFileType = sourcecode.c.objc; path = FaceModel.m; sourceTree = "<group>"; };
		09ABCDA520118515000999D6 /* SendData.swift */ = {isa = PBXFileReference; lastKnownFileType = sourcecode.swift; path = SendData.swift; sourceTree = "<group>"; };
		09B23555200EFDCB005959DD /* Util.h */ = {isa = PBXFileReference; lastKnownFileType = sourcecode.c.h; path = Util.h; sourceTree = "<group>"; };
		09B23556200EFDCB005959DD /* Util.m */ = {isa = PBXFileReference; lastKnownFileType = sourcecode.c.objc; path = Util.m; sourceTree = "<group>"; };
		5F3BD80D200912E100110755 /* FaceCapViewController.swift */ = {isa = PBXFileReference; lastKnownFileType = sourcecode.swift; path = FaceCapViewController.swift; sourceTree = "<group>"; };
		5F3BD80F200913E000110755 /* ControlViewController.swift */ = {isa = PBXFileReference; lastKnownFileType = sourcecode.swift; path = ControlViewController.swift; sourceTree = "<group>"; };
		5F3BD812200921D700110755 /* RemoteRoboticHead-Brdging-Header.h */ = {isa = PBXFileReference; lastKnownFileType = sourcecode.c.h; path = "RemoteRoboticHead-Brdging-Header.h"; sourceTree = "<group>"; };
		5F3BD81820099EF500110755 /* test.mm */ = {isa = PBXFileReference; lastKnownFileType = sourcecode.cpp.objcpp; path = test.mm; sourceTree = "<group>"; };
		5F3BD81A20099EFD00110755 /* test.h */ = {isa = PBXFileReference; lastKnownFileType = sourcecode.c.h; path = test.h; sourceTree = "<group>"; };
		5F3BD83D2009DACB00110755 /* CSTableViewCell.swift */ = {isa = PBXFileReference; lastKnownFileType = sourcecode.swift; path = CSTableViewCell.swift; sourceTree = "<group>"; };
		5F3BD83F2009DBF600110755 /* ServosData.swift */ = {isa = PBXFileReference; lastKnownFileType = sourcecode.swift; path = ServosData.swift; sourceTree = "<group>"; };
		5F3BD841200A05A800110755 /* Assets.xcassets */ = {isa = PBXFileReference; lastKnownFileType = folder.assetcatalog; path = Assets.xcassets; sourceTree = "<group>"; };
		5F3BD843200B8B5100110755 /* ActionListViewController.swift */ = {isa = PBXFileReference; lastKnownFileType = sourcecode.swift; path = ActionListViewController.swift; sourceTree = "<group>"; };
		5F4CF3522007834500ED2066 /* RemoteRoboticHead.app */ = {isa = PBXFileReference; explicitFileType = wrapper.application; includeInIndex = 0; path = RemoteRoboticHead.app; sourceTree = BUILT_PRODUCTS_DIR; };
		5F4CF3552007834500ED2066 /* AppDelegate.swift */ = {isa = PBXFileReference; lastKnownFileType = sourcecode.swift; path = AppDelegate.swift; sourceTree = "<group>"; };
		5F4CF3572007834500ED2066 /* BTViewController.swift */ = {isa = PBXFileReference; lastKnownFileType = sourcecode.swift; path = BTViewController.swift; sourceTree = "<group>"; };
		5F4CF35A2007834500ED2066 /* Base */ = {isa = PBXFileReference; lastKnownFileType = file.storyboard; name = Base; path = Base.lproj/Main.storyboard; sourceTree = "<group>"; };
		5F4CF35F2007834500ED2066 /* Base */ = {isa = PBXFileReference; lastKnownFileType = file.storyboard; name = Base; path = Base.lproj/LaunchScreen.storyboard; sourceTree = "<group>"; };
		5F4CF3612007834500ED2066 /* Info.plist */ = {isa = PBXFileReference; lastKnownFileType = text.plist.xml; path = Info.plist; sourceTree = "<group>"; };
/* End PBXFileReference section */

/* Begin PBXFrameworksBuildPhase section */
		5F4CF34F2007834500ED2066 /* Frameworks */ = {
			isa = PBXFrameworksBuildPhase;
			buildActionMask = 2147483647;
			files = (
				09609D8E200C4A600051AE10 /* AVFoundation.framework in Frameworks */,
				09609D9A200C4ABA0051AE10 /* libMGFacepp-0.5.2.a in Frameworks */,
				09609D8C200C4A5A0051AE10 /* CoreMotion.framework in Frameworks */,
				09609D8A200C4A520051AE10 /* CoreMedia.framework in Frameworks */,
				09609D88200C4A350051AE10 /* MGBaseKit.framework in Frameworks */,
			);
			runOnlyForDeploymentPostprocessing = 0;
		};
/* End PBXFrameworksBuildPhase section */

/* Begin PBXGroup section */
		09609D82200C4A1E0051AE10 /* Products */ = {
			isa = PBXGroup;
			children = (
				09609D86200C4A1E0051AE10 /* MGBaseKit.framework */,
			);
			name = Products;
			sourceTree = "<group>";
		};
		09609D87200C4A350051AE10 /* Frameworks */ = {
			isa = PBXGroup;
			children = (
				09609D8D200C4A600051AE10 /* AVFoundation.framework */,
				09609D8B200C4A5A0051AE10 /* CoreMotion.framework */,
				09609D89200C4A520051AE10 /* CoreMedia.framework */,
			);
			name = Frameworks;
			sourceTree = "<group>";
		};
		09609D8F200C4AA00051AE10 /* lib */ = {
			isa = PBXGroup;
			children = (
				09609DA8200D94580051AE10 /* OpenGL */,
				09609D9C200C4AC30051AE10 /* MGLicenseManagerHelper */,
				09609D90200C4ABA0051AE10 /* MGFaceppSDK */,
			);
			path = lib;
			sourceTree = "<group>";
		};
		09609D90200C4ABA0051AE10 /* MGFaceppSDK */ = {
			isa = PBXGroup;
			children = (
				09609D91200C4ABA0051AE10 /* libMGFacepp-0.5.2.a */,
				09609D92200C4ABA0051AE10 /* MGFaceppConfig.h */,
				09609D93200C4ABA0051AE10 /* MGAlgorithmInfo.h */,
				09609D94200C4ABA0051AE10 /* MGFacepp.h */,
				09609D95200C4ABA0051AE10 /* MGDetectRectInfo.h */,
				09609D96200C4ABA0051AE10 /* MGFaceppCommon.h */,
				09609D97200C4ABA0051AE10 /* MGImageData.h */,
				09609D98200C4ABA0051AE10 /* MGFaceInfo.h */,
				09609D99200C4ABA0051AE10 /* megviifacepp_0_5_2_model */,
			);
			path = MGFaceppSDK;
			sourceTree = "<group>";
		};
		09609D9C200C4AC30051AE10 /* MGLicenseManagerHelper */ = {
			isa = PBXGroup;
			children = (
				09609D9D200C4AC30051AE10 /* MGNetAccount.h */,
				09609D9E200C4AC30051AE10 /* MGFaceLicenseHandle.h */,
				09609D9F200C4AC30051AE10 /* MGFaceLicenseHandle.m */,
			);
			path = MGLicenseManagerHelper;
			sourceTree = "<group>";
		};
		09609DA8200D94580051AE10 /* OpenGL */ = {
			isa = PBXGroup;
			children = (
				09837904200F3C84001FF8DB /* BaseCategory */,
				0937CBAE200D99740031C4C7 /* MGFaceModelArray.h */,
				0937CBAF200D99740031C4C7 /* MGFaceModelArray.m */,
				0937CBAC200D99120031C4C7 /* MGHeader.h */,
				09609DA9200D94580051AE10 /* MGOpenGLView.m */,
				09609DAA200D94580051AE10 /* Manager */,
				09609DAE200D94580051AE10 /* MGOpenGLView.h */,
				09609DAF200D94580051AE10 /* GLUtilities */,
				09B23555200EFDCB005959DD /* Util.h */,
				09B23556200EFDCB005959DD /* Util.m */,
			);
			path = OpenGL;
			sourceTree = "<group>";
		};
		09609DAA200D94580051AE10 /* Manager */ = {
			isa = PBXGroup;
			children = (
				09609DAB200D94580051AE10 /* MGOpenGLConfig.h */,
				09609DAC200D94580051AE10 /* MGOpenGLRenderer.h */,
				09609DAD200D94580051AE10 /* MGOpenGLRenderer.m */,
			);
			path = Manager;
			sourceTree = "<group>";
		};
		09609DAF200D94580051AE10 /* GLUtilities */ = {
			isa = PBXGroup;
			children = (
				09609DB0200D94580051AE10 /* GLESUtils.m */,
				09609DB1200D94580051AE10 /* GLESUtils.h */,
			);
			path = GLUtilities;
			sourceTree = "<group>";
		};
		098378F6200F304A001FF8DB /* ViewController */ = {
			isa = PBXGroup;
			children = (
				09ABCD9E20102AB5000999D6 /* model */,
				098378F7200F305F001FF8DB /* FaceCapController.h */,
				098378F8200F305F001FF8DB /* FaceCapController.m */,
			);
			path = ViewController;
			sourceTree = "<group>";
		};
		098378FF200F3936001FF8DB /* Resources */ = {
			isa = PBXGroup;
			children = (
				0983791F200F4B9F001FF8DB /* Face3DFragment.glsl */,
				0983791E200F4B9F001FF8DB /* Face3DVertex.glsl */,
				09837920200F4BA0001FF8DB /* FacePointColor.glsl */,
				0983791D200F4B9F001FF8DB /* FacePointSize.glsl */,
				09837901200F394C001FF8DB /* VideoFrag.glsl */,
				09837900200F394C001FF8DB /* VideoVert.glsl */,
			);
			path = Resources;
			sourceTree = "<group>";
		};
		09837904200F3C84001FF8DB /* BaseCategory */ = {
			isa = PBXGroup;
			children = (
				09837905200F3C84001FF8DB /* UIImage */,
				09837908200F3C84001FF8DB /* NSDictionary */,
				0983790B200F3C84001FF8DB /* UIButton */,
				0983790E200F3C84001FF8DB /* UIColor */,
				09837911200F3C84001FF8DB /* UIView */,
			);
			path = BaseCategory;
			sourceTree = "<group>";
		};
		09837905200F3C84001FF8DB /* UIImage */ = {
			isa = PBXGroup;
			children = (
				09837906200F3C84001FF8DB /* UIImage+Base.h */,
				09837907200F3C84001FF8DB /* UIImage+Base.m */,
			);
			path = UIImage;
			sourceTree = "<group>";
		};
		09837908200F3C84001FF8DB /* NSDictionary */ = {
			isa = PBXGroup;
			children = (
				09837909200F3C84001FF8DB /* NSDictionary+Base.h */,
				0983790A200F3C84001FF8DB /* NSDictionary+Base.m */,
			);
			path = NSDictionary;
			sourceTree = "<group>";
		};
		0983790B200F3C84001FF8DB /* UIButton */ = {
			isa = PBXGroup;
			children = (
				0983790C200F3C84001FF8DB /* UIButton+Base.h */,
				0983790D200F3C84001FF8DB /* UIButton+Base.m */,
			);
			path = UIButton;
			sourceTree = "<group>";
		};
		0983790E200F3C84001FF8DB /* UIColor */ = {
			isa = PBXGroup;
			children = (
				0983790F200F3C84001FF8DB /* UIColor+category.h */,
				09837910200F3C84001FF8DB /* UIColor+category.m */,
			);
			path = UIColor;
			sourceTree = "<group>";
		};
		09837911200F3C84001FF8DB /* UIView */ = {
			isa = PBXGroup;
			children = (
				09837912200F3C84001FF8DB /* UIView+Base.m */,
				09837913200F3C84001FF8DB /* UIView+Base.h */,
			);
			path = UIView;
			sourceTree = "<group>";
		};
		09ABCD9E20102AB5000999D6 /* model */ = {
			isa = PBXGroup;
			children = (
				09ABCDA020102AD2000999D6 /* FaceModel.h */,
				09ABCDA120102AD2000999D6 /* FaceModel.m */,
				09ABCDA520118515000999D6 /* SendData.swift */,
			);
			path = model;
			sourceTree = "<group>";
		};
		5F4CF3492007834400ED2066 = {
			isa = PBXGroup;
			children = (
				09609D81200C4A1E0051AE10 /* MGBaseKit.xcodeproj */,
				5F4CF3542007834500ED2066 /* RemoteRoboticHead */,
				5F4CF3532007834500ED2066 /* Products */,
				09609D87200C4A350051AE10 /* Frameworks */,
			);
			sourceTree = "<group>";
		};
		5F4CF3532007834500ED2066 /* Products */ = {
			isa = PBXGroup;
			children = (
				5F4CF3522007834500ED2066 /* RemoteRoboticHead.app */,
			);
			name = Products;
			sourceTree = "<group>";
		};
		5F4CF3542007834500ED2066 /* RemoteRoboticHead */ = {
			isa = PBXGroup;
			children = (
				098378FF200F3936001FF8DB /* Resources */,
				098378F6200F304A001FF8DB /* ViewController */,
				09609D8F200C4AA00051AE10 /* lib */,
				5F3BD841200A05A800110755 /* Assets.xcassets */,
				5F3BD812200921D700110755 /* RemoteRoboticHead-Brdging-Header.h */,
				5F4CF3552007834500ED2066 /* AppDelegate.swift */,
				5F4CF3572007834500ED2066 /* BTViewController.swift */,
				5F4CF3592007834500ED2066 /* Main.storyboard */,
				5F4CF35E2007834500ED2066 /* LaunchScreen.storyboard */,
				5F4CF3612007834500ED2066 /* Info.plist */,
				5F3BD80D200912E100110755 /* FaceCapViewController.swift */,
				5F3BD80F200913E000110755 /* ControlViewController.swift */,
				5F3BD81A20099EFD00110755 /* test.h */,
				5F3BD81820099EF500110755 /* test.mm */,
				5F3BD83D2009DACB00110755 /* CSTableViewCell.swift */,
				5F3BD83F2009DBF600110755 /* ServosData.swift */,
				5F3BD843200B8B5100110755 /* ActionListViewController.swift */,
			);
			path = RemoteRoboticHead;
			sourceTree = "<group>";
		};
/* End PBXGroup section */

/* Begin PBXNativeTarget section */
		5F4CF3512007834500ED2066 /* RemoteRoboticHead */ = {
			isa = PBXNativeTarget;
			buildConfigurationList = 5F4CF3642007834500ED2066 /* Build configuration list for PBXNativeTarget "RemoteRoboticHead" */;
			buildPhases = (
				5F4CF34E2007834500ED2066 /* Sources */,
				5F4CF34F2007834500ED2066 /* Frameworks */,
				5F4CF3502007834500ED2066 /* Resources */,
			);
			buildRules = (
			);
			dependencies = (
			);
			name = RemoteRoboticHead;
			productName = RemoteRoboticHead;
			productReference = 5F4CF3522007834500ED2066 /* RemoteRoboticHead.app */;
			productType = "com.apple.product-type.application";
		};
/* End PBXNativeTarget section */

/* Begin PBXProject section */
		5F4CF34A2007834400ED2066 /* Project object */ = {
			isa = PBXProject;
			attributes = {
				LastSwiftUpdateCheck = 0920;
				LastUpgradeCheck = 0920;
				ORGANIZATIONNAME = EXdoll;
				TargetAttributes = {
					5F4CF3512007834500ED2066 = {
						CreatedOnToolsVersion = 9.2;
						ProvisioningStyle = Automatic;
					};
				};
			};
			buildConfigurationList = 5F4CF34D2007834400ED2066 /* Build configuration list for PBXProject "RemoteRoboticHead" */;
			compatibilityVersion = "Xcode 8.0";
			developmentRegion = en;
			hasScannedForEncodings = 0;
			knownRegions = (
				en,
				Base,
			);
			mainGroup = 5F4CF3492007834400ED2066;
			productRefGroup = 5F4CF3532007834500ED2066 /* Products */;
			projectDirPath = "";
			projectReferences = (
				{
					ProductGroup = 09609D82200C4A1E0051AE10 /* Products */;
					ProjectRef = 09609D81200C4A1E0051AE10 /* MGBaseKit.xcodeproj */;
				},
			);
			projectRoot = "";
			targets = (
				5F4CF3512007834500ED2066 /* RemoteRoboticHead */,
			);
		};
/* End PBXProject section */

/* Begin PBXReferenceProxy section */
		09609D86200C4A1E0051AE10 /* MGBaseKit.framework */ = {
			isa = PBXReferenceProxy;
			fileType = wrapper.framework;
			path = MGBaseKit.framework;
			remoteRef = 09609D85200C4A1E0051AE10 /* PBXContainerItemProxy */;
			sourceTree = BUILT_PRODUCTS_DIR;
		};
/* End PBXReferenceProxy section */

/* Begin PBXResourcesBuildPhase section */
		5F4CF3502007834500ED2066 /* Resources */ = {
			isa = PBXResourcesBuildPhase;
			buildActionMask = 2147483647;
			files = (
				09609D9B200C4ABA0051AE10 /* megviifacepp_0_5_2_model in Resources */,
				09837903200F394C001FF8DB /* VideoFrag.glsl in Resources */,
				09837902200F394C001FF8DB /* VideoVert.glsl in Resources */,
				09837923200F4BA0001FF8DB /* Face3DFragment.glsl in Resources */,
				5F4CF3602007834500ED2066 /* LaunchScreen.storyboard in Resources */,
				09837924200F4BA0001FF8DB /* FacePointColor.glsl in Resources */,
				5F3BD842200A05A900110755 /* Assets.xcassets in Resources */,
				09837922200F4BA0001FF8DB /* Face3DVertex.glsl in Resources */,
				09837921200F4BA0001FF8DB /* FacePointSize.glsl in Resources */,
				5F4CF35B2007834500ED2066 /* Main.storyboard in Resources */,
			);
			runOnlyForDeploymentPostprocessing = 0;
		};
/* End PBXResourcesBuildPhase section */

/* Begin PBXSourcesBuildPhase section */
		5F4CF34E2007834500ED2066 /* Sources */ = {
			isa = PBXSourcesBuildPhase;
			buildActionMask = 2147483647;
			files = (
				09837917200F3C84001FF8DB /* UIImage+Base.m in Sources */,
				09609DA0200C4AC30051AE10 /* MGFaceLicenseHandle.m in Sources */,
				5F3BD81920099EF500110755 /* test.mm in Sources */,
				5F3BD83E2009DACB00110755 /* CSTableViewCell.swift in Sources */,
				09ABCDA220102AD2000999D6 /* FaceModel.m in Sources */,
				09837919200F3C84001FF8DB /* UIButton+Base.m in Sources */,
				0983791A200F3C84001FF8DB /* UIColor+category.m in Sources */,
				09609DB3200D94580051AE10 /* MGOpenGLView.m in Sources */,
				09609DB4200D94580051AE10 /* MGOpenGLRenderer.m in Sources */,
				09B23557200EFDCB005959DD /* Util.m in Sources */,
				5F3BD844200B8B5100110755 /* ActionListViewController.swift in Sources */,
				5F3BD8402009DBF600110755 /* ServosData.swift in Sources */,
				5F4CF3582007834500ED2066 /* BTViewController.swift in Sources */,
				09ABCDA620118515000999D6 /* SendData.swift in Sources */,
				5F4CF3562007834500ED2066 /* AppDelegate.swift in Sources */,
				5F3BD810200913E000110755 /* ControlViewController.swift in Sources */,
				09837918200F3C84001FF8DB /* NSDictionary+Base.m in Sources */,
				09609DB5200D94580051AE10 /* GLESUtils.m in Sources */,
				5F3BD80E200912E100110755 /* FaceCapViewController.swift in Sources */,
				0937CBB0200D99740031C4C7 /* MGFaceModelArray.m in Sources */,
				098378F9200F305F001FF8DB /* FaceCapController.m in Sources */,
				0983791B200F3C84001FF8DB /* UIView+Base.m in Sources */,
			);
			runOnlyForDeploymentPostprocessing = 0;
		};
/* End PBXSourcesBuildPhase section */

/* Begin PBXVariantGroup section */
		5F4CF3592007834500ED2066 /* Main.storyboard */ = {
			isa = PBXVariantGroup;
			children = (
				5F4CF35A2007834500ED2066 /* Base */,
			);
			name = Main.storyboard;
			sourceTree = "<group>";
		};
		5F4CF35E2007834500ED2066 /* LaunchScreen.storyboard */ = {
			isa = PBXVariantGroup;
			children = (
				5F4CF35F2007834500ED2066 /* Base */,
			);
			name = LaunchScreen.storyboard;
			sourceTree = "<group>";
		};
/* End PBXVariantGroup section */

/* Begin XCBuildConfiguration section */
		5F4CF3622007834500ED2066 /* Debug */ = {
			isa = XCBuildConfiguration;
			buildSettings = {
				ALWAYS_SEARCH_USER_PATHS = NO;
				CLANG_ANALYZER_NONNULL = YES;
				CLANG_ANALYZER_NUMBER_OBJECT_CONVERSION = YES_AGGRESSIVE;
				CLANG_CXX_LANGUAGE_STANDARD = "gnu++14";
				CLANG_CXX_LIBRARY = "libc++";
				CLANG_ENABLE_MODULES = YES;
				CLANG_ENABLE_OBJC_ARC = YES;
				CLANG_WARN_BLOCK_CAPTURE_AUTORELEASING = YES;
				CLANG_WARN_BOOL_CONVERSION = YES;
				CLANG_WARN_COMMA = YES;
				CLANG_WARN_CONSTANT_CONVERSION = YES;
				CLANG_WARN_DIRECT_OBJC_ISA_USAGE = YES_ERROR;
				CLANG_WARN_DOCUMENTATION_COMMENTS = YES;
				CLANG_WARN_EMPTY_BODY = YES;
				CLANG_WARN_ENUM_CONVERSION = YES;
				CLANG_WARN_INFINITE_RECURSION = YES;
				CLANG_WARN_INT_CONVERSION = YES;
				CLANG_WARN_NON_LITERAL_NULL_CONVERSION = YES;
				CLANG_WARN_OBJC_LITERAL_CONVERSION = YES;
				CLANG_WARN_OBJC_ROOT_CLASS = YES_ERROR;
				CLANG_WARN_RANGE_LOOP_ANALYSIS = YES;
				CLANG_WARN_STRICT_PROTOTYPES = YES;
				CLANG_WARN_SUSPICIOUS_MOVE = YES;
				CLANG_WARN_UNGUARDED_AVAILABILITY = YES_AGGRESSIVE;
				CLANG_WARN_UNREACHABLE_CODE = YES;
				CLANG_WARN__DUPLICATE_METHOD_MATCH = YES;
				CODE_SIGN_IDENTITY = "iPhone Developer";
				COPY_PHASE_STRIP = NO;
				DEBUG_INFORMATION_FORMAT = dwarf;
				ENABLE_BITCODE = NO;
				ENABLE_STRICT_OBJC_MSGSEND = YES;
				ENABLE_TESTABILITY = YES;
				GCC_C_LANGUAGE_STANDARD = gnu11;
				GCC_DYNAMIC_NO_PIC = NO;
				GCC_NO_COMMON_BLOCKS = YES;
				GCC_OPTIMIZATION_LEVEL = 0;
				GCC_PREPROCESSOR_DEFINITIONS = (
					"DEBUG=1",
					"$(inherited)",
				);
				GCC_WARN_64_TO_32_BIT_CONVERSION = YES;
				GCC_WARN_ABOUT_RETURN_TYPE = YES_ERROR;
				GCC_WARN_UNDECLARED_SELECTOR = YES;
				GCC_WARN_UNINITIALIZED_AUTOS = YES_AGGRESSIVE;
				GCC_WARN_UNUSED_FUNCTION = YES;
				GCC_WARN_UNUSED_VARIABLE = YES;
				IPHONEOS_DEPLOYMENT_TARGET = 11.2;
				MTL_ENABLE_DEBUG_INFO = YES;
				ONLY_ACTIVE_ARCH = YES;
				SDKROOT = iphoneos;
				SWIFT_ACTIVE_COMPILATION_CONDITIONS = DEBUG;
				SWIFT_OPTIMIZATION_LEVEL = "-Onone";
			};
			name = Debug;
		};
		5F4CF3632007834500ED2066 /* Release */ = {
			isa = XCBuildConfiguration;
			buildSettings = {
				ALWAYS_SEARCH_USER_PATHS = NO;
				CLANG_ANALYZER_NONNULL = YES;
				CLANG_ANALYZER_NUMBER_OBJECT_CONVERSION = YES_AGGRESSIVE;
				CLANG_CXX_LANGUAGE_STANDARD = "gnu++14";
				CLANG_CXX_LIBRARY = "libc++";
				CLANG_ENABLE_MODULES = YES;
				CLANG_ENABLE_OBJC_ARC = YES;
				CLANG_WARN_BLOCK_CAPTURE_AUTORELEASING = YES;
				CLANG_WARN_BOOL_CONVERSION = YES;
				CLANG_WARN_COMMA = YES;
				CLANG_WARN_CONSTANT_CONVERSION = YES;
				CLANG_WARN_DIRECT_OBJC_ISA_USAGE = YES_ERROR;
				CLANG_WARN_DOCUMENTATION_COMMENTS = YES;
				CLANG_WARN_EMPTY_BODY = YES;
				CLANG_WARN_ENUM_CONVERSION = YES;
				CLANG_WARN_INFINITE_RECURSION = YES;
				CLANG_WARN_INT_CONVERSION = YES;
				CLANG_WARN_NON_LITERAL_NULL_CONVERSION = YES;
				CLANG_WARN_OBJC_LITERAL_CONVERSION = YES;
				CLANG_WARN_OBJC_ROOT_CLASS = YES_ERROR;
				CLANG_WARN_RANGE_LOOP_ANALYSIS = YES;
				CLANG_WARN_STRICT_PROTOTYPES = YES;
				CLANG_WARN_SUSPICIOUS_MOVE = YES;
				CLANG_WARN_UNGUARDED_AVAILABILITY = YES_AGGRESSIVE;
				CLANG_WARN_UNREACHABLE_CODE = YES;
				CLANG_WARN__DUPLICATE_METHOD_MATCH = YES;
				CODE_SIGN_IDENTITY = "iPhone Developer";
				COPY_PHASE_STRIP = NO;
				DEBUG_INFORMATION_FORMAT = "dwarf-with-dsym";
				ENABLE_BITCODE = NO;
				ENABLE_NS_ASSERTIONS = NO;
				ENABLE_STRICT_OBJC_MSGSEND = YES;
				GCC_C_LANGUAGE_STANDARD = gnu11;
				GCC_NO_COMMON_BLOCKS = YES;
				GCC_WARN_64_TO_32_BIT_CONVERSION = YES;
				GCC_WARN_ABOUT_RETURN_TYPE = YES_ERROR;
				GCC_WARN_UNDECLARED_SELECTOR = YES;
				GCC_WARN_UNINITIALIZED_AUTOS = YES_AGGRESSIVE;
				GCC_WARN_UNUSED_FUNCTION = YES;
				GCC_WARN_UNUSED_VARIABLE = YES;
				IPHONEOS_DEPLOYMENT_TARGET = 11.2;
				MTL_ENABLE_DEBUG_INFO = NO;
				SDKROOT = iphoneos;
				SWIFT_OPTIMIZATION_LEVEL = "-Owholemodule";
				VALIDATE_PRODUCT = YES;
			};
			name = Release;
		};
		5F4CF3652007834500ED2066 /* Debug */ = {
			isa = XCBuildConfiguration;
			buildSettings = {
				ASSETCATALOG_COMPILER_APPICON_NAME = AppIcon;
				CODE_SIGN_STYLE = Automatic;
				DEFINES_MODULE = YES;
				DEVELOPMENT_TEAM = SA9P8N463T;
				INFOPLIST_FILE = RemoteRoboticHead/Info.plist;
				LD_RUNPATH_SEARCH_PATHS = "$(inherited) @executable_path/Frameworks";
				LIBRARY_SEARCH_PATHS = (
					"$(inherited)",
					"$(PROJECT_DIR)/RemoteRoboticHead/lib/MGFaceppSDK",
				);
				PRODUCT_BUNDLE_IDENTIFIER = com.megvii.RemoteRoboticHead;
				PRODUCT_NAME = "$(TARGET_NAME)";
				SWIFT_OBJC_BRIDGING_HEADER = "RemoteRoboticHead/RemoteRoboticHead-Brdging-Header.h";
				SWIFT_VERSION = 4.0;
				TARGETED_DEVICE_FAMILY = "1,2";
			};
			name = Debug;
		};
		5F4CF3662007834500ED2066 /* Release */ = {
			isa = XCBuildConfiguration;
			buildSettings = {
				ASSETCATALOG_COMPILER_APPICON_NAME = AppIcon;
				CODE_SIGN_STYLE = Automatic;
				DEFINES_MODULE = YES;
				DEVELOPMENT_TEAM = SA9P8N463T;
				INFOPLIST_FILE = RemoteRoboticHead/Info.plist;
				LD_RUNPATH_SEARCH_PATHS = "$(inherited) @executable_path/Frameworks";
				LIBRARY_SEARCH_PATHS = (
					"$(inherited)",
					"$(PROJECT_DIR)/RemoteRoboticHead/lib/MGFaceppSDK",
				);
				PRODUCT_BUNDLE_IDENTIFIER = com.megvii.RemoteRoboticHead;
				PRODUCT_NAME = "$(TARGET_NAME)";
				SWIFT_OBJC_BRIDGING_HEADER = "RemoteRoboticHead/RemoteRoboticHead-Brdging-Header.h";
				SWIFT_VERSION = 4.0;
				TARGETED_DEVICE_FAMILY = "1,2";
			};
			name = Release;
		};
/* End XCBuildConfiguration section */

/* Begin XCConfigurationList section */
		5F4CF34D2007834400ED2066 /* Build configuration list for PBXProject "RemoteRoboticHead" */ = {
			isa = XCConfigurationList;
			buildConfigurations = (
				5F4CF3622007834500ED2066 /* Debug */,
				5F4CF3632007834500ED2066 /* Release */,
			);
			defaultConfigurationIsVisible = 0;
			defaultConfigurationName = Release;
		};
		5F4CF3642007834500ED2066 /* Build configuration list for PBXNativeTarget "RemoteRoboticHead" */ = {
			isa = XCConfigurationList;
			buildConfigurations = (
				5F4CF3652007834500ED2066 /* Debug */,
				5F4CF3662007834500ED2066 /* Release */,
			);
			defaultConfigurationIsVisible = 0;
			defaultConfigurationName = Release;
		};
/* End XCConfigurationList section */
	};
	rootObject = 5F4CF34A2007834400ED2066 /* Project object */;
}
